
Microsoft Visual Studio Solution File, Format Version 12.00
# Visual Studio 15
VisualStudioVersion = 15.0.28307.168
MinimumVisualStudioVersion = 10.0.40219.1
Project("{FAE04EC0-301F-11D3-BF4B-00C04F79EFBC}") = "thehillslc.com.au", "thehillslc.com.au\thehillslc.com.au.csproj", "{956DA487-EC9D-4EE6-BE1F-BAAA61A68B78}"
EndProject
Global
	GlobalSection(SolutionConfigurationPlatforms) = preSolution
		Debug|Any CPU = Debug|Any CPU
		Release|Any CPU = Release|Any CPU
	EndGlobalSection
	GlobalSection(ProjectConfigurationPlatforms) = postSolution
		{956DA487-EC9D-4EE6-BE1F-BAAA61A68B78}.Debug|Any CPU.ActiveCfg = Debug|Any CPU
		{956DA487-EC9D-4EE6-BE1F-BAAA61A68B78}.Debug|Any CPU.Build.0 = Debug|Any CPU
		{956DA487-EC9D-4EE6-BE1F-BAAA61A68B78}.Release|Any CPU.ActiveCfg = Release|Any CPU
		{956DA487-EC9D-4EE6-BE1F-BAAA61A68B78}.Release|Any CPU.Build.0 = Release|Any CPU
	EndGlobalSection
	GlobalSection(SolutionProperties) = preSolution
		HideSolutionNode = FALSE
	EndGlobalSection
	GlobalSection(ExtensibilityGlobals) = postSolution
		SolutionGuid = {0D6CEDAF-7133-4D28-87D8-19E0C707B4D2}
	EndGlobalSection
EndGlobal
